
Microsoft Visual Studio Solution File, Format Version 12.00
# Visual Studio Version 17
VisualStudioVersion = 17.13.35825.156 d17.13
MinimumVisualStudioVersion = 10.0.40219.1
Project("{FAE04EC0-301F-11D3-BF4B-00C04F79EFBC}") = "ex3", "ex3.csproj", "{8381AF54-6908-4950-898E-A1705A6E3DF7}"
EndProject
Global
	GlobalSection(SolutionConfigurationPlatforms) = preSolution
		Debug|Any CPU = Debug|Any CPU
		Release|Any CPU = Release|Any CPU
	EndGlobalSection
	GlobalSection(ProjectConfigurationPlatforms) = postSolution
		{8381AF54-6908-4950-898E-A1705A6E3DF7}.Debug|Any CPU.ActiveCfg = Debug|Any CPU
		{8381AF54-6908-4950-898E-A1705A6E3DF7}.Debug|Any CPU.Build.0 = Debug|Any CPU
		{8381AF54-6908-4950-898E-A1705A6E3DF7}.Release|Any CPU.ActiveCfg = Release|Any CPU
		{8381AF54-6908-4950-898E-A1705A6E3DF7}.Release|Any CPU.Build.0 = Release|Any CPU
	EndGlobalSection
	GlobalSection(SolutionProperties) = preSolution
		HideSolutionNode = FALSE
	EndGlobalSection
	GlobalSection(ExtensibilityGlobals) = postSolution
		SolutionGuid = {BCC1E5F0-B0A8-4E8E-84C5-8391B4EEE994}
	EndGlobalSection
EndGlobal
