
Microsoft Visual Studio Solution File, Format Version 12.00
# Visual Studio Version 17
VisualStudioVersion = 17.13.35825.156 d17.13
MinimumVisualStudioVersion = 10.0.40219.1
Project("{FAE04EC0-301F-11D3-BF4B-00C04F79EFBC}") = "ex7", "ex7.csproj", "{BE497498-86EF-47F1-97DF-3691274C91A8}"
EndProject
Global
	GlobalSection(SolutionConfigurationPlatforms) = preSolution
		Debug|Any CPU = Debug|Any CPU
		Release|Any CPU = Release|Any CPU
	EndGlobalSection
	GlobalSection(ProjectConfigurationPlatforms) = postSolution
		{BE497498-86EF-47F1-97DF-3691274C91A8}.Debug|Any CPU.ActiveCfg = Debug|Any CPU
		{BE497498-86EF-47F1-97DF-3691274C91A8}.Debug|Any CPU.Build.0 = Debug|Any CPU
		{BE497498-86EF-47F1-97DF-3691274C91A8}.Release|Any CPU.ActiveCfg = Release|Any CPU
		{BE497498-86EF-47F1-97DF-3691274C91A8}.Release|Any CPU.Build.0 = Release|Any CPU
	EndGlobalSection
	GlobalSection(SolutionProperties) = preSolution
		HideSolutionNode = FALSE
	EndGlobalSection
	GlobalSection(ExtensibilityGlobals) = postSolution
		SolutionGuid = {8A0E4194-978C-4CDC-B97D-5C648D539BE4}
	EndGlobalSection
EndGlobal
