
Microsoft Visual Studio Solution File, Format Version 12.00
# Visual Studio Version 17
VisualStudioVersion = 17.13.35825.156 d17.13
MinimumVisualStudioVersion = 10.0.40219.1
Project("{FAE04EC0-301F-11D3-BF4B-00C04F79EFBC}") = "ex12", "ex12.csproj", "{21AC9478-DCFD-4427-A7FC-72F21143241F}"
EndProject
Global
	GlobalSection(SolutionConfigurationPlatforms) = preSolution
		Debug|Any CPU = Debug|Any CPU
		Release|Any CPU = Release|Any CPU
	EndGlobalSection
	GlobalSection(ProjectConfigurationPlatforms) = postSolution
		{21AC9478-DCFD-4427-A7FC-72F21143241F}.Debug|Any CPU.ActiveCfg = Debug|Any CPU
		{21AC9478-DCFD-4427-A7FC-72F21143241F}.Debug|Any CPU.Build.0 = Debug|Any CPU
		{21AC9478-DCFD-4427-A7FC-72F21143241F}.Release|Any CPU.ActiveCfg = Release|Any CPU
		{21AC9478-DCFD-4427-A7FC-72F21143241F}.Release|Any CPU.Build.0 = Release|Any CPU
	EndGlobalSection
	GlobalSection(SolutionProperties) = preSolution
		HideSolutionNode = FALSE
	EndGlobalSection
	GlobalSection(ExtensibilityGlobals) = postSolution
		SolutionGuid = {3BBE1F6A-7B49-4A52-A7C2-96924ABBABC8}
	EndGlobalSection
EndGlobal
