
Microsoft Visual Studio Solution File, Format Version 12.00
# Visual Studio Version 17
VisualStudioVersion = 17.13.35806.99 d17.13
MinimumVisualStudioVersion = 10.0.40219.1
Project("{FAE04EC0-301F-11D3-BF4B-00C04F79EFBC}") = "ex11", "ex11.csproj", "{EE742FD9-7B85-4A82-B14F-32E85E9EBE7D}"
EndProject
Global
	GlobalSection(SolutionConfigurationPlatforms) = preSolution
		Debug|Any CPU = Debug|Any CPU
		Release|Any CPU = Release|Any CPU
	EndGlobalSection
	GlobalSection(ProjectConfigurationPlatforms) = postSolution
		{EE742FD9-7B85-4A82-B14F-32E85E9EBE7D}.Debug|Any CPU.ActiveCfg = Debug|Any CPU
		{EE742FD9-7B85-4A82-B14F-32E85E9EBE7D}.Debug|Any CPU.Build.0 = Debug|Any CPU
		{EE742FD9-7B85-4A82-B14F-32E85E9EBE7D}.Release|Any CPU.ActiveCfg = Release|Any CPU
		{EE742FD9-7B85-4A82-B14F-32E85E9EBE7D}.Release|Any CPU.Build.0 = Release|Any CPU
	EndGlobalSection
	GlobalSection(SolutionProperties) = preSolution
		HideSolutionNode = FALSE
	EndGlobalSection
	GlobalSection(ExtensibilityGlobals) = postSolution
		SolutionGuid = {7D13191A-2511-4321-B3A9-B350820AEE41}
	EndGlobalSection
EndGlobal
